
Microsoft Visual Studio Solution File, Format Version 12.00
# Visual Studio Version 17
VisualStudioVersion = 17.3.32901.215
MinimumVisualStudioVersion = 10.0.40219.1
Project("{FAE04EC0-301F-11D3-BF4B-00C04F79EFBC}") = "ConsoleAppGitHub", "ConsoleAppGitHub\ConsoleAppGitHub.csproj", "{A59B2E2E-0D00-48D5-A23D-36A3580855B7}"
EndProject
Global
	GlobalSection(SolutionConfigurationPlatforms) = preSolution
		Debug|Any CPU = Debug|Any CPU
		Release|Any CPU = Release|Any CPU
	EndGlobalSection
	GlobalSection(ProjectConfigurationPlatforms) = postSolution
		{A59B2E2E-0D00-48D5-A23D-36A3580855B7}.Debug|Any CPU.ActiveCfg = Debug|Any CPU
		{A59B2E2E-0D00-48D5-A23D-36A3580855B7}.Debug|Any CPU.Build.0 = Debug|Any CPU
		{A59B2E2E-0D00-48D5-A23D-36A3580855B7}.Release|Any CPU.ActiveCfg = Release|Any CPU
		{A59B2E2E-0D00-48D5-A23D-36A3580855B7}.Release|Any CPU.Build.0 = Release|Any CPU
	EndGlobalSection
	GlobalSection(SolutionProperties) = preSolution
		HideSolutionNode = FALSE
	EndGlobalSection
	GlobalSection(ExtensibilityGlobals) = postSolution
		SolutionGuid = {1689F01D-1AF3-4D11-BA50-03C9669D8951}
	EndGlobalSection
EndGlobal
